uuid: 1382a6de-59bd-4fe6-ad38-31776b352c1d
langcode: en
status: true
dependencies:
  module:
    - entity_reference_revisions
    - node
    - paragraphs
id: node.field_listing_details_block
field_name: field_listing_details_block
entity_type: node
type: entity_reference_revisions
settings:
  target_type: paragraph
module: entity_reference_revisions
locked: false
cardinality: 1
translatable: true
indexes: {  }
persist_with_no_fields: false
custom_storage: false
