uuid: 87962d62-9da3-4047-b32e-374149e06548
langcode: en
status: true
dependencies:
  config:
    - block_content.type.header_block
  module:
    - content_translation
third_party_settings:
  content_translation:
    enabled: true
    bundle_settings:
      untranslatable_fields_hide: '0'
id: block_content.header_block
target_entity_type_id: block_content
target_bundle: header_block
default_langcode: site_default
language_alterable: true
