uuid: eb5019c1-e5cb-4be3-9300-e5cc895578d7
langcode: en
status: true
dependencies:
  config:
    - block_content.type.footer_block
  module:
    - content_translation
third_party_settings:
  content_translation:
    enabled: true
    bundle_settings:
      untranslatable_fields_hide: '0'
id: block_content.footer_block
target_entity_type_id: block_content
target_bundle: footer_block
default_langcode: site_default
language_alterable: true
