uuid: 1a975e7a-4387-4d3a-af57-90e7d572678d
langcode: en
status: true
dependencies:
  config:
    - field.storage.node.field_intro_block
    - node.type.stay
    - paragraphs.paragraphs_type.intro_block
  module:
    - entity_reference_revisions
id: node.stay.field_intro_block
field_name: field_intro_block
entity_type: node
bundle: stay
label: 'Intro Block'
description: ''
required: false
translatable: false
default_value: {  }
default_value_callback: ''
settings:
  handler: 'default:paragraph'
  handler_settings:
    negate: 0
    target_bundles:
      intro_block: intro_block
    target_bundles_drag_drop:
      about_contact_details:
        weight: 35
        enabled: false
      about_intro_section:
        weight: 36
        enabled: false
      amenities_guidelines:
        weight: 20
        enabled: false
      banner_block:
        weight: 21
        enabled: false
      booking_listing:
        weight: 39
        enabled: false
      booking_type:
        weight: 40
        enabled: false
      description_block:
        weight: 41
        enabled: false
      discover_key_features:
        weight: 42
        enabled: false
      discover_listing:
        weight: 22
        enabled: false
      event_guidelines:
        weight: 23
        enabled: false
      features_block:
        weight: 24
        enabled: false
      footer_social_links:
        weight: 25
        enabled: false
      gallery_images:
        weight: 26
        enabled: false
      guidelines:
        weight: 27
        enabled: false
      info_block:
        weight: 49
        enabled: false
      info_type:
        weight: 50
        enabled: false
      intro_block:
        enabled: true
        weight: 28
      key_points:
        weight: 29
        enabled: false
      key_points_type:
        weight: 30
        enabled: false
      landing_links:
        weight: 54
        enabled: false
      link_type:
        weight: 32
        enabled: false
      links_block:
        weight: 31
        enabled: false
      listings:
        weight: 33
        enabled: false
      location:
        weight: 34
        enabled: false
      location_details:
        weight: 35
        enabled: false
      opening_hours:
        weight: 60
        enabled: false
      opening_hours_block:
        weight: 61
        enabled: false
      opening_hours_section:
        weight: 62
        enabled: false
      schedule_details:
        weight: 63
        enabled: false
      single_banner:
        weight: 36
        enabled: false
      slider_images:
        weight: 65
        enabled: false
      stats_listing:
        weight: 37
        enabled: false
      stay_featured_block:
        weight: 67
        enabled: false
      stay_stats_type:
        weight: 38
        enabled: false
field_type: entity_reference_revisions
