uuid: 50a863dc-ad30-4839-883d-bf3c52371226
langcode: en
status: true
dependencies:
  config:
    - field.storage.paragraph.field_description_block
    - paragraphs.paragraphs_type.features_block
    - paragraphs.paragraphs_type.intro_block
  module:
    - entity_reference_revisions
id: paragraph.features_block.field_description_block
field_name: field_description_block
entity_type: paragraph
bundle: features_block
label: 'Description Block'
description: ''
required: false
translatable: true
default_value: {  }
default_value_callback: ''
settings:
  handler: 'default:paragraph'
  handler_settings:
    negate: 0
    target_bundles:
      intro_block: intro_block
    target_bundles_drag_drop:
      amenities_guidelines:
        weight: 19
        enabled: false
      banner_block:
        weight: 34
        enabled: false
      booking_listing:
        weight: 35
        enabled: false
      booking_type:
        weight: 36
        enabled: false
      description_block:
        weight: 20
        enabled: false
      discover_key_features:
        weight: 38
        enabled: false
      discover_listing:
        weight: 21
        enabled: false
      event_guidelines:
        weight: 22
        enabled: false
      features_block:
        weight: 23
        enabled: false
      footer_social_links:
        weight: 24
        enabled: false
      gallery_images:
        weight: 25
        enabled: false
      guidelines:
        weight: 26
        enabled: false
      info_block:
        weight: 45
        enabled: false
      info_type:
        weight: 27
        enabled: false
      intro_block:
        enabled: true
        weight: 28
      key_points:
        weight: 29
        enabled: false
      key_points_type:
        weight: 30
        enabled: false
      landing_links:
        weight: 50
        enabled: false
      link_type:
        weight: 52
        enabled: false
      links_block:
        weight: 51
        enabled: false
      listings:
        weight: 31
        enabled: false
      location:
        weight: 32
        enabled: false
      location_details:
        weight: 33
        enabled: false
      opening_hours:
        weight: 56
        enabled: false
      opening_hours_block:
        weight: 57
        enabled: false
      opening_hours_section:
        weight: 58
        enabled: false
      schedule_details:
        weight: 59
        enabled: false
      single_banner:
        weight: 34
        enabled: false
      slider_images:
        weight: 61
        enabled: false
      stats_listing:
        weight: 35
        enabled: false
      stay_featured_block:
        weight: 63
        enabled: false
      stay_stats_type:
        weight: 36
        enabled: false
field_type: entity_reference_revisions
