uuid: 68507f9c-5f04-405e-8e2e-a028d1b00638
langcode: en
status: true
dependencies:
  module:
    - entity_reference_revisions
    - node
    - paragraphs
id: node.field_info_block
field_name: field_info_block
entity_type: node
type: entity_reference_revisions
settings:
  target_type: paragraph
module: entity_reference_revisions
locked: false
cardinality: -1
translatable: true
indexes: {  }
persist_with_no_fields: false
custom_storage: false
