uuid: 13db8b63-4fd1-4071-ab7a-2c53215b52ed
langcode: en
status: true
dependencies:
  module:
    - entity_reference_revisions
    - node
    - paragraphs
id: node.field_intro_block
field_name: field_intro_block
entity_type: node
type: entity_reference_revisions
settings:
  target_type: paragraph
module: entity_reference_revisions
locked: false
cardinality: -1
translatable: true
indexes: {  }
persist_with_no_fields: false
custom_storage: false
