uuid: d1cafa36-c979-4d79-81bf-5f17609cd609
langcode: en
status: true
dependencies:
  config:
    - block_content.type.views_block
  module:
    - content_translation
third_party_settings:
  content_translation:
    enabled: true
    bundle_settings:
      untranslatable_fields_hide: '0'
id: block_content.views_block
target_entity_type_id: block_content
target_bundle: views_block
default_langcode: site_default
language_alterable: true
